<?xml version="1.0" encoding="utf-8"?>
<Project ToolsVersion="4.0" xmlns="http://schemas.microsoft.com/developer/msbuild/2003">
  <ItemGroup>
    <ClCompile Include="dllmain.cpp" />
    <ClCompile Include="SDK\FN_Basic.cpp">
      <Filter>SDK</Filter>
    </ClCompile>
    <ClCompile Include="SDK\FN_CoreUObject_functions.cpp">
      <Filter>SDK</Filter>
    </ClCompile>
    <ClCompile Include="SDK\FN_Engine_functions.cpp">
      <Filter>SDK</Filter>
    </ClCompile>
    <ClCompile Include="SDK\FN_FortniteGame_functions.cpp">
      <Filter>SDK</Filter>
    </ClCompile>
    <ClCompile Include="SDK\FN_GameplayAbilities_functions.cpp">
      <Filter>SDK</Filter>
    </ClCompile>
  </ItemGroup>
  <ItemGroup>
    <Filter Include="Core">
      <UniqueIdentifier>{57f917f9-e9da-4c48-afd7-1e140a35b98f}</UniqueIdentifier>
    </Filter>
    <Filter Include="Looting">
      <UniqueIdentifier>{992885cb-367e-4755-abdf-f07baf1bb50c}</UniqueIdentifier>
    </Filter>
    <Filter Include="Hooks">
      <UniqueIdentifier>{75c8b28f-6dd0-4f5c-b5f2-80a8a8df250a}</UniqueIdentifier>
    </Filter>
    <Filter Include="Hooks\Native">
      <UniqueIdentifier>{ea0717a3-dc2c-40e5-942f-7b253154217a}</UniqueIdentifier>
    </Filter>
    <Filter Include="SDK">
      <UniqueIdentifier>{ff826832-e5f2-4893-a7d3-a0b9f998a8a8}</UniqueIdentifier>
    </Filter>
    <Filter Include="Net">
      <UniqueIdentifier>{1afea76b-311c-42a9-8192-8922bc6b8c79}</UniqueIdentifier>
    </Filter>
    <Filter Include="Gameplay">
      <UniqueIdentifier>{6b5e65e7-320b-447f-81a1-62aa63abc687}</UniqueIdentifier>
    </Filter>
  </ItemGroup>
  <ItemGroup>
    <ClInclude Include="Util.h">
      <Filter>Core</Filter>
    </ClInclude>
    <ClInclude Include="Core.h">
      <Filter>Core</Filter>
    </ClInclude>
    <ClInclude Include="Loot.h">
      <Filter>Looting</Filter>
    </ClInclude>
    <ClInclude Include="Hooks.h">
      <Filter>Hooks</Filter>
    </ClInclude>
    <ClInclude Include="SDK.hpp">
      <Filter>SDK</Filter>
    </ClInclude>
    <ClInclude Include="NativeHooks.h">
      <Filter>Hooks\Native</Filter>
    </ClInclude>
    <ClInclude Include="Net.h">
      <Filter>Net</Filter>
    </ClInclude>
    <ClInclude Include="NetHooks.h">
      <Filter>Net</Filter>
    </ClInclude>
    <ClInclude Include="Abilities.h">
      <Filter>Gameplay</Filter>
    </ClInclude>
    <ClInclude Include="Inventory.h">
      <Filter>Gameplay</Filter>
    </ClInclude>
  </ItemGroup>
</Project>